
Microsoft Visual Studio Solution File, Format Version 12.00
# Visual Studio Version 17
VisualStudioVersion = 17.14.36212.18
MinimumVisualStudioVersion = 10.0.40219.1
Project("{FAE04EC0-301F-11D3-BF4B-00C04F79EFBC}") = "AddressBook", "AddressBook\AddressBook.csproj", "{678481F7-E81C-4254-8D95-D07E9B178422}"
EndProject
Project("{FAE04EC0-301F-11D3-BF4B-00C04F79EFBC}") = "AddressBookApi", "AddressBookApi\AddressBookApi.csproj", "{FAA5D5E3-3710-4223-AD49-D658B7C6436A}"
EndProject
Global
	GlobalSection(SolutionConfigurationPlatforms) = preSolution
		Debug|Any CPU = Debug|Any CPU
		Release|Any CPU = Release|Any CPU
	EndGlobalSection
	GlobalSection(ProjectConfigurationPlatforms) = postSolution
		{678481F7-E81C-4254-8D95-D07E9B178422}.Debug|Any CPU.ActiveCfg = Debug|Any CPU
		{678481F7-E81C-4254-8D95-D07E9B178422}.Debug|Any CPU.Build.0 = Debug|Any CPU
		{678481F7-E81C-4254-8D95-D07E9B178422}.Release|Any CPU.ActiveCfg = Release|Any CPU
		{678481F7-E81C-4254-8D95-D07E9B178422}.Release|Any CPU.Build.0 = Release|Any CPU
		{FAA5D5E3-3710-4223-AD49-D658B7C6436A}.Debug|Any CPU.ActiveCfg = Debug|Any CPU
		{FAA5D5E3-3710-4223-AD49-D658B7C6436A}.Debug|Any CPU.Build.0 = Debug|Any CPU
		{FAA5D5E3-3710-4223-AD49-D658B7C6436A}.Release|Any CPU.ActiveCfg = Release|Any CPU
		{FAA5D5E3-3710-4223-AD49-D658B7C6436A}.Release|Any CPU.Build.0 = Release|Any CPU
	EndGlobalSection
	GlobalSection(SolutionProperties) = preSolution
		HideSolutionNode = FALSE
	EndGlobalSection
	GlobalSection(ExtensibilityGlobals) = postSolution
		SolutionGuid = {4533697E-C8DA-4743-88B3-648CEF84FE08}
	EndGlobalSection
EndGlobal
